
Microsoft Visual Studio Solution File, Format Version 12.00
# Visual Studio Version 17
VisualStudioVersion = 17.4.33213.308
MinimumVisualStudioVersion = 10.0.40219.1
Project("{9A19103F-16F7-4668-BE54-9A1E7A4F7556}") = "Domain", "Domain\Domain.csproj", "{8463C17D-31E2-48BC-A6EE-7C9B8443BD56}"
EndProject
Project("{9A19103F-16F7-4668-BE54-9A1E7A4F7556}") = "DataAccess", "DataAccess\DataAccess.csproj", "{308B56E2-2D30-483E-B8E6-7ABC6AAFE103}"
EndProject
Project("{9A19103F-16F7-4668-BE54-9A1E7A4F7556}") = "Core", "Core\Core.csproj", "{6DD9CDE4-FD69-46D4-929D-87AB1E60064C}"
EndProject
Project("{FAE04EC0-301F-11D3-BF4B-00C04F79EFBC}") = "ApiManejoRRHH", "ApiManejoRRHH\ApiManejoRRHH.csproj", "{91354486-CCFF-452A-B9D6-E5683739FC1C}"
EndProject
Global
	GlobalSection(SolutionConfigurationPlatforms) = preSolution
		Debug|Any CPU = Debug|Any CPU
		Release|Any CPU = Release|Any CPU
	EndGlobalSection
	GlobalSection(ProjectConfigurationPlatforms) = postSolution
		{8463C17D-31E2-48BC-A6EE-7C9B8443BD56}.Debug|Any CPU.ActiveCfg = Debug|Any CPU
		{8463C17D-31E2-48BC-A6EE-7C9B8443BD56}.Debug|Any CPU.Build.0 = Debug|Any CPU
		{8463C17D-31E2-48BC-A6EE-7C9B8443BD56}.Release|Any CPU.ActiveCfg = Release|Any CPU
		{8463C17D-31E2-48BC-A6EE-7C9B8443BD56}.Release|Any CPU.Build.0 = Release|Any CPU
		{308B56E2-2D30-483E-B8E6-7ABC6AAFE103}.Debug|Any CPU.ActiveCfg = Debug|Any CPU
		{308B56E2-2D30-483E-B8E6-7ABC6AAFE103}.Debug|Any CPU.Build.0 = Debug|Any CPU
		{308B56E2-2D30-483E-B8E6-7ABC6AAFE103}.Release|Any CPU.ActiveCfg = Release|Any CPU
		{308B56E2-2D30-483E-B8E6-7ABC6AAFE103}.Release|Any CPU.Build.0 = Release|Any CPU
		{6DD9CDE4-FD69-46D4-929D-87AB1E60064C}.Debug|Any CPU.ActiveCfg = Debug|Any CPU
		{6DD9CDE4-FD69-46D4-929D-87AB1E60064C}.Debug|Any CPU.Build.0 = Debug|Any CPU
		{6DD9CDE4-FD69-46D4-929D-87AB1E60064C}.Release|Any CPU.ActiveCfg = Release|Any CPU
		{6DD9CDE4-FD69-46D4-929D-87AB1E60064C}.Release|Any CPU.Build.0 = Release|Any CPU
		{91354486-CCFF-452A-B9D6-E5683739FC1C}.Debug|Any CPU.ActiveCfg = Debug|Any CPU
		{91354486-CCFF-452A-B9D6-E5683739FC1C}.Debug|Any CPU.Build.0 = Debug|Any CPU
		{91354486-CCFF-452A-B9D6-E5683739FC1C}.Release|Any CPU.ActiveCfg = Release|Any CPU
		{91354486-CCFF-452A-B9D6-E5683739FC1C}.Release|Any CPU.Build.0 = Release|Any CPU
	EndGlobalSection
	GlobalSection(SolutionProperties) = preSolution
		HideSolutionNode = FALSE
	EndGlobalSection
	GlobalSection(ExtensibilityGlobals) = postSolution
		SolutionGuid = {06496E21-19C6-422C-AE7C-B7C5E3D011EB}
	EndGlobalSection
EndGlobal
